
Microsoft Visual Studio Solution File, Format Version 12.00
# Visual Studio Version 17
VisualStudioVersion = 17.13.35919.96 d17.13
MinimumVisualStudioVersion = 10.0.40219.1
Project("{FAE04EC0-301F-11D3-BF4B-00C04F79EFBC}") = "WpfApp1", "WpfApp1\WpfApp1.csproj", "{A497A158-0E7A-4017-98E3-7970FD5D1E89}"
EndProject
Global
	GlobalSection(SolutionConfigurationPlatforms) = preSolution
		Debug|Any CPU = Debug|Any CPU
		Release|Any CPU = Release|Any CPU
	EndGlobalSection
	GlobalSection(ProjectConfigurationPlatforms) = postSolution
		{A497A158-0E7A-4017-98E3-7970FD5D1E89}.Debug|Any CPU.ActiveCfg = Debug|Any CPU
		{A497A158-0E7A-4017-98E3-7970FD5D1E89}.Debug|Any CPU.Build.0 = Debug|Any CPU
		{A497A158-0E7A-4017-98E3-7970FD5D1E89}.Release|Any CPU.ActiveCfg = Release|Any CPU
		{A497A158-0E7A-4017-98E3-7970FD5D1E89}.Release|Any CPU.Build.0 = Release|Any CPU
	EndGlobalSection
	GlobalSection(SolutionProperties) = preSolution
		HideSolutionNode = FALSE
	EndGlobalSection
	GlobalSection(ExtensibilityGlobals) = postSolution
		SolutionGuid = {6575031D-6AC1-4624-87C2-FA5D3C173F1E}
	EndGlobalSection
EndGlobal
